
Microsoft Visual Studio Solution File, Format Version 12.00
# Visual Studio 2013
VisualStudioVersion = 12.0.31101.0
MinimumVisualStudioVersion = 10.0.40219.1
Project("{FAE04EC0-301F-11D3-BF4B-00C04F79EFBC}") = "SlackBotRedux.Core", "SlackBotRedux.Core\SlackBotRedux.Core.csproj", "{19E36DF9-8A08-4AEE-A701-DBAE4B2D00CF}"
EndProject
Project("{FAE04EC0-301F-11D3-BF4B-00C04F79EFBC}") = "SlackBotRedux.ConsoleDriver", "SlackBotRedux.ConsoleDriver\SlackBotRedux.ConsoleDriver.csproj", "{A21DE23C-2770-4731-AB57-8BDBAE87B70B}"
EndProject
Project("{FAE04EC0-301F-11D3-BF4B-00C04F79EFBC}") = "SlackBotRedux.Core.Models", "SlackBotRedux.Core.Models\SlackBotRedux.Core.Models.csproj", "{106029E5-BBDC-4A03-B479-FED22679E0CB}"
EndProject
Project("{FAE04EC0-301F-11D3-BF4B-00C04F79EFBC}") = "SlackBotRedux.Core.Modules", "SlackBotRedux.Core.Modules\SlackBotRedux.Core.Modules.csproj", "{4A888B0B-6805-40C2-8BD6-9F2A03A8423E}"
EndProject
Project("{FAE04EC0-301F-11D3-BF4B-00C04F79EFBC}") = "SlackBotRedux.Core.Data", "SlackBotRedux.Core.Data\SlackBotRedux.Core.Data.csproj", "{02891D3F-4D21-4B63-A871-C0B4F9D038D0}"
EndProject
Project("{FAE04EC0-301F-11D3-BF4B-00C04F79EFBC}") = "SlackBotRedux.Tests", "SlackBotRedux.Tests\SlackBotRedux.Tests.csproj", "{79965783-A907-4196-B231-123DD38BF2C2}"
EndProject
Project("{FAE04EC0-301F-11D3-BF4B-00C04F79EFBC}") = "SlackBotRedux.Core.Data.Sql", "SlackBotRedux.Core.Data.Sql\SlackBotRedux.Core.Data.Sql.csproj", "{705CB286-3A77-4F87-B3CF-1A3E4D90919C}"
EndProject
Global
	GlobalSection(SolutionConfigurationPlatforms) = preSolution
		Debug|Any CPU = Debug|Any CPU
		Development|Any CPU = Development|Any CPU
		Production|Any CPU = Production|Any CPU
		Release|Any CPU = Release|Any CPU
	EndGlobalSection
	GlobalSection(ProjectConfigurationPlatforms) = postSolution
		{19E36DF9-8A08-4AEE-A701-DBAE4B2D00CF}.Debug|Any CPU.ActiveCfg = Development|Any CPU
		{19E36DF9-8A08-4AEE-A701-DBAE4B2D00CF}.Debug|Any CPU.Build.0 = Development|Any CPU
		{19E36DF9-8A08-4AEE-A701-DBAE4B2D00CF}.Development|Any CPU.ActiveCfg = Development|Any CPU
		{19E36DF9-8A08-4AEE-A701-DBAE4B2D00CF}.Development|Any CPU.Build.0 = Development|Any CPU
		{19E36DF9-8A08-4AEE-A701-DBAE4B2D00CF}.Production|Any CPU.ActiveCfg = Production|Any CPU
		{19E36DF9-8A08-4AEE-A701-DBAE4B2D00CF}.Production|Any CPU.Build.0 = Production|Any CPU
		{19E36DF9-8A08-4AEE-A701-DBAE4B2D00CF}.Release|Any CPU.ActiveCfg = Production|Any CPU
		{19E36DF9-8A08-4AEE-A701-DBAE4B2D00CF}.Release|Any CPU.Build.0 = Production|Any CPU
		{A21DE23C-2770-4731-AB57-8BDBAE87B70B}.Debug|Any CPU.ActiveCfg = Development|Any CPU
		{A21DE23C-2770-4731-AB57-8BDBAE87B70B}.Debug|Any CPU.Build.0 = Development|Any CPU
		{A21DE23C-2770-4731-AB57-8BDBAE87B70B}.Development|Any CPU.ActiveCfg = Development|Any CPU
		{A21DE23C-2770-4731-AB57-8BDBAE87B70B}.Development|Any CPU.Build.0 = Development|Any CPU
		{A21DE23C-2770-4731-AB57-8BDBAE87B70B}.Production|Any CPU.ActiveCfg = Production|Any CPU
		{A21DE23C-2770-4731-AB57-8BDBAE87B70B}.Production|Any CPU.Build.0 = Production|Any CPU
		{A21DE23C-2770-4731-AB57-8BDBAE87B70B}.Release|Any CPU.ActiveCfg = Production|Any CPU
		{A21DE23C-2770-4731-AB57-8BDBAE87B70B}.Release|Any CPU.Build.0 = Production|Any CPU
		{106029E5-BBDC-4A03-B479-FED22679E0CB}.Debug|Any CPU.ActiveCfg = Debug|Any CPU
		{106029E5-BBDC-4A03-B479-FED22679E0CB}.Debug|Any CPU.Build.0 = Debug|Any CPU
		{106029E5-BBDC-4A03-B479-FED22679E0CB}.Development|Any CPU.ActiveCfg = Debug|Any CPU
		{106029E5-BBDC-4A03-B479-FED22679E0CB}.Development|Any CPU.Build.0 = Debug|Any CPU
		{106029E5-BBDC-4A03-B479-FED22679E0CB}.Production|Any CPU.ActiveCfg = Release|Any CPU
		{106029E5-BBDC-4A03-B479-FED22679E0CB}.Production|Any CPU.Build.0 = Release|Any CPU
		{106029E5-BBDC-4A03-B479-FED22679E0CB}.Release|Any CPU.ActiveCfg = Release|Any CPU
		{106029E5-BBDC-4A03-B479-FED22679E0CB}.Release|Any CPU.Build.0 = Release|Any CPU
		{4A888B0B-6805-40C2-8BD6-9F2A03A8423E}.Debug|Any CPU.ActiveCfg = Debug|Any CPU
		{4A888B0B-6805-40C2-8BD6-9F2A03A8423E}.Debug|Any CPU.Build.0 = Debug|Any CPU
		{4A888B0B-6805-40C2-8BD6-9F2A03A8423E}.Development|Any CPU.ActiveCfg = Debug|Any CPU
		{4A888B0B-6805-40C2-8BD6-9F2A03A8423E}.Development|Any CPU.Build.0 = Debug|Any CPU
		{4A888B0B-6805-40C2-8BD6-9F2A03A8423E}.Production|Any CPU.ActiveCfg = Release|Any CPU
		{4A888B0B-6805-40C2-8BD6-9F2A03A8423E}.Production|Any CPU.Build.0 = Release|Any CPU
		{4A888B0B-6805-40C2-8BD6-9F2A03A8423E}.Release|Any CPU.ActiveCfg = Release|Any CPU
		{4A888B0B-6805-40C2-8BD6-9F2A03A8423E}.Release|Any CPU.Build.0 = Release|Any CPU
		{02891D3F-4D21-4B63-A871-C0B4F9D038D0}.Debug|Any CPU.ActiveCfg = Debug|Any CPU
		{02891D3F-4D21-4B63-A871-C0B4F9D038D0}.Debug|Any CPU.Build.0 = Debug|Any CPU
		{02891D3F-4D21-4B63-A871-C0B4F9D038D0}.Development|Any CPU.ActiveCfg = Debug|Any CPU
		{02891D3F-4D21-4B63-A871-C0B4F9D038D0}.Development|Any CPU.Build.0 = Debug|Any CPU
		{02891D3F-4D21-4B63-A871-C0B4F9D038D0}.Production|Any CPU.ActiveCfg = Release|Any CPU
		{02891D3F-4D21-4B63-A871-C0B4F9D038D0}.Production|Any CPU.Build.0 = Release|Any CPU
		{02891D3F-4D21-4B63-A871-C0B4F9D038D0}.Release|Any CPU.ActiveCfg = Release|Any CPU
		{02891D3F-4D21-4B63-A871-C0B4F9D038D0}.Release|Any CPU.Build.0 = Release|Any CPU
		{79965783-A907-4196-B231-123DD38BF2C2}.Debug|Any CPU.ActiveCfg = Debug|Any CPU
		{79965783-A907-4196-B231-123DD38BF2C2}.Debug|Any CPU.Build.0 = Debug|Any CPU
		{79965783-A907-4196-B231-123DD38BF2C2}.Development|Any CPU.ActiveCfg = Debug|Any CPU
		{79965783-A907-4196-B231-123DD38BF2C2}.Development|Any CPU.Build.0 = Debug|Any CPU
		{79965783-A907-4196-B231-123DD38BF2C2}.Production|Any CPU.ActiveCfg = Release|Any CPU
		{79965783-A907-4196-B231-123DD38BF2C2}.Production|Any CPU.Build.0 = Release|Any CPU
		{79965783-A907-4196-B231-123DD38BF2C2}.Release|Any CPU.ActiveCfg = Release|Any CPU
		{79965783-A907-4196-B231-123DD38BF2C2}.Release|Any CPU.Build.0 = Release|Any CPU
		{705CB286-3A77-4F87-B3CF-1A3E4D90919C}.Debug|Any CPU.ActiveCfg = Debug|Any CPU
		{705CB286-3A77-4F87-B3CF-1A3E4D90919C}.Debug|Any CPU.Build.0 = Debug|Any CPU
		{705CB286-3A77-4F87-B3CF-1A3E4D90919C}.Development|Any CPU.ActiveCfg = Debug|Any CPU
		{705CB286-3A77-4F87-B3CF-1A3E4D90919C}.Development|Any CPU.Build.0 = Debug|Any CPU
		{705CB286-3A77-4F87-B3CF-1A3E4D90919C}.Production|Any CPU.ActiveCfg = Release|Any CPU
		{705CB286-3A77-4F87-B3CF-1A3E4D90919C}.Production|Any CPU.Build.0 = Release|Any CPU
		{705CB286-3A77-4F87-B3CF-1A3E4D90919C}.Release|Any CPU.ActiveCfg = Release|Any CPU
		{705CB286-3A77-4F87-B3CF-1A3E4D90919C}.Release|Any CPU.Build.0 = Release|Any CPU
	EndGlobalSection
	GlobalSection(SolutionProperties) = preSolution
		HideSolutionNode = FALSE
	EndGlobalSection
	GlobalSection(CodealikeProperties) = postSolution
		SolutionGuid = 4e40b2a7-eb28-490c-8ff5-9c46abf45240
	EndGlobalSection
EndGlobal
